// !$*UTF8*$!
{
	archiveVersion = 1;
	classes = {
	};
	objectVersion = 56;
	objects = {

/* Begin PBXBuildFile section */
		B1D783772BF4B95B002F8714 /* AppDelegate.swift in Sources */ = {isa = PBXBuildFile; fileRef = B1D783762BF4B95B002F8714 /* AppDelegate.swift */; };
		B1D783792BF4B95B002F8714 /* SceneDelegate.swift in Sources */ = {isa = PBXBuildFile; fileRef = B1D783782BF4B95B002F8714 /* SceneDelegate.swift */; };
		B1D7837B2BF4B95B002F8714 /* ViewController.swift in Sources */ = {isa = PBXBuildFile; fileRef = B1D7837A2BF4B95B002F8714 /* ViewController.swift */; };
		B1D7837E2BF4B95C002F8714 /* Base in Resources */ = {isa = PBXBuildFile; fileRef = B1D7837D2BF4B95C002F8714 /* Base */; };
		B1D783802BF4B95E002F8714 /* Assets.xcassets in Resources */ = {isa = PBXBuildFile; fileRef = B1D7837F2BF4B95E002F8714 /* Assets.xcassets */; };
		B1D783832BF4B95E002F8714 /* Base in Resources */ = {isa = PBXBuildFile; fileRef = B1D783822BF4B95E002F8714 /* Base */; };
		B1D7838E2BF4B95E002F8714 /* testTests.swift in Sources */ = {isa = PBXBuildFile; fileRef = B1D7838D2BF4B95E002F8714 /* testTests.swift */; };
		B1D783982BF4B95E002F8714 /* testUITests.swift in Sources */ = {isa = PBXBuildFile; fileRef = B1D783972BF4B95E002F8714 /* testUITests.swift */; };
		B1D7839A2BF4B95E002F8714 /* testUITestsLaunchTests.swift in Sources */ = {isa = PBXBuildFile; fileRef = B1D783992BF4B95E002F8714 /* testUITestsLaunchTests.swift */; };
		B1D783A72BF4BA9E002F8714 /* Mdels.swift in Sources */ = {isa = PBXBuildFile; fileRef = B1D783A62BF4BA9E002F8714 /* Mdels.swift */; };
		B1D783A92BF4BC7C002F8714 /* NetworkService.swift in Sources */ = {isa = PBXBuildFile; fileRef = B1D783A82BF4BC7C002F8714 /* NetworkService.swift */; };
/* End PBXBuildFile section */

/* Begin PBXContainerItemProxy section */
		B1D7838A2BF4B95E002F8714 /* PBXContainerItemProxy */ = {
			isa = PBXContainerItemProxy;
			containerPortal = B1D7836B2BF4B95B002F8714 /* Project object */;
			proxyType = 1;
			remoteGlobalIDString = B1D783722BF4B95B002F8714;
			remoteInfo = test;
		};
		B1D783942BF4B95E002F8714 /* PBXContainerItemProxy */ = {
			isa = PBXContainerItemProxy;
			containerPortal = B1D7836B2BF4B95B002F8714 /* Project object */;
			proxyType = 1;
			remoteGlobalIDString = B1D783722BF4B95B002F8714;
			remoteInfo = test;
		};
/* End PBXContainerItemProxy section */

/* Begin PBXFileReference section */
		B1D783732BF4B95B002F8714 /* test.app */ = {isa = PBXFileReference; explicitFileType = wrapper.application; includeInIndex = 0; path = test.app; sourceTree = BUILT_PRODUCTS_DIR; };
		B1D783762BF4B95B002F8714 /* AppDelegate.swift */ = {isa = PBXFileReference; lastKnownFileType = sourcecode.swift; path = AppDelegate.swift; sourceTree = "<group>"; };
		B1D783782BF4B95B002F8714 /* SceneDelegate.swift */ = {isa = PBXFileReference; lastKnownFileType = sourcecode.swift; path = SceneDelegate.swift; sourceTree = "<group>"; };
		B1D7837A2BF4B95B002F8714 /* ViewController.swift */ = {isa = PBXFileReference; lastKnownFileType = sourcecode.swift; path = ViewController.swift; sourceTree = "<group>"; };
		B1D7837D2BF4B95C002F8714 /* Base */ = {isa = PBXFileReference; lastKnownFileType = file.storyboard; name = Base; path = Base.lproj/Main.storyboard; sourceTree = "<group>"; };
		B1D7837F2BF4B95E002F8714 /* Assets.xcassets */ = {isa = PBXFileReference; lastKnownFileType = folder.assetcatalog; path = Assets.xcassets; sourceTree = "<group>"; };
		B1D783822BF4B95E002F8714 /* Base */ = {isa = PBXFileReference; lastKnownFileType = file.storyboard; name = Base; path = Base.lproj/LaunchScreen.storyboard; sourceTree = "<group>"; };
		B1D783842BF4B95E002F8714 /* Info.plist */ = {isa = PBXFileReference; lastKnownFileType = text.plist.xml; path = Info.plist; sourceTree = "<group>"; };
		B1D783892BF4B95E002F8714 /* testTests.xctest */ = {isa = PBXFileReference; explicitFileType = wrapper.cfbundle; includeInIndex = 0; path = testTests.xctest; sourceTree = BUILT_PRODUCTS_DIR; };
		B1D7838D2BF4B95E002F8714 /* testTests.swift */ = {isa = PBXFileReference; lastKnownFileType = sourcecode.swift; path = testTests.swift; sourceTree = "<group>"; };
		B1D783932BF4B95E002F8714 /* testUITests.xctest */ = {isa = PBXFileReference; explicitFileType = wrapper.cfbundle; includeInIndex = 0; path = testUITests.xctest; sourceTree = BUILT_PRODUCTS_DIR; };
		B1D783972BF4B95E002F8714 /* testUITests.swift */ = {isa = PBXFileReference; lastKnownFileType = sourcecode.swift; path = testUITests.swift; sourceTree = "<group>"; };
		B1D783992BF4B95E002F8714 /* testUITestsLaunchTests.swift */ = {isa = PBXFileReference; lastKnownFileType = sourcecode.swift; path = testUITestsLaunchTests.swift; sourceTree = "<group>"; };
		B1D783A62BF4BA9E002F8714 /* Mdels.swift */ = {isa = PBXFileReference; lastKnownFileType = sourcecode.swift; path = Mdels.swift; sourceTree = "<group>"; };
		B1D783A82BF4BC7C002F8714 /* NetworkService.swift */ = {isa = PBXFileReference; lastKnownFileType = sourcecode.swift; path = NetworkService.swift; sourceTree = "<group>"; };
/* End PBXFileReference section */

/* Begin PBXFrameworksBuildPhase section */
		B1D783702BF4B95B002F8714 /* Frameworks */ = {
			isa = PBXFrameworksBuildPhase;
			buildActionMask = 2147483647;
			files = (
			);
			runOnlyForDeploymentPostprocessing = 0;
		};
		B1D783862BF4B95E002F8714 /* Frameworks */ = {
			isa = PBXFrameworksBuildPhase;
			buildActionMask = 2147483647;
			files = (
			);
			runOnlyForDeploymentPostprocessing = 0;
		};
		B1D783902BF4B95E002F8714 /* Frameworks */ = {
			isa = PBXFrameworksBuildPhase;
			buildActionMask = 2147483647;
			files = (
			);
			runOnlyForDeploymentPostprocessing = 0;
		};
/* End PBXFrameworksBuildPhase section */

/* Begin PBXGroup section */
		B1D7836A2BF4B95B002F8714 = {
			isa = PBXGroup;
			children = (
				B1D783752BF4B95B002F8714 /* test */,
				B1D7838C2BF4B95E002F8714 /* testTests */,
				B1D783962BF4B95E002F8714 /* testUITests */,
				B1D783742BF4B95B002F8714 /* Products */,
			);
			sourceTree = "<group>";
		};
		B1D783742BF4B95B002F8714 /* Products */ = {
			isa = PBXGroup;
			children = (
				B1D783732BF4B95B002F8714 /* test.app */,
				B1D783892BF4B95E002F8714 /* testTests.xctest */,
				B1D783932BF4B95E002F8714 /* testUITests.xctest */,
			);
			name = Products;
			sourceTree = "<group>";
		};
		B1D783752BF4B95B002F8714 /* test */ = {
			isa = PBXGroup;
			children = (
				B1D783762BF4B95B002F8714 /* AppDelegate.swift */,
				B1D783782BF4B95B002F8714 /* SceneDelegate.swift */,
				B1D7837A2BF4B95B002F8714 /* ViewController.swift */,
				B1D783A62BF4BA9E002F8714 /* Mdels.swift */,
				B1D783A82BF4BC7C002F8714 /* NetworkService.swift */,
				B1D7837C2BF4B95C002F8714 /* Main.storyboard */,
				B1D7837F2BF4B95E002F8714 /* Assets.xcassets */,
				B1D783812BF4B95E002F8714 /* LaunchScreen.storyboard */,
				B1D783842BF4B95E002F8714 /* Info.plist */,
			);
			path = test;
			sourceTree = "<group>";
		};
		B1D7838C2BF4B95E002F8714 /* testTests */ = {
			isa = PBXGroup;
			children = (
				B1D7838D2BF4B95E002F8714 /* testTests.swift */,
			);
			path = testTests;
			sourceTree = "<group>";
		};
		B1D783962BF4B95E002F8714 /* testUITests */ = {
			isa = PBXGroup;
			children = (
				B1D783972BF4B95E002F8714 /* testUITests.swift */,
				B1D783992BF4B95E002F8714 /* testUITestsLaunchTests.swift */,
			);
			path = testUITests;
			sourceTree = "<group>";
		};
/* End PBXGroup section */

/* Begin PBXNativeTarget section */
		B1D783722BF4B95B002F8714 /* test */ = {
			isa = PBXNativeTarget;
			buildConfigurationList = B1D7839D2BF4B95E002F8714 /* Build configuration list for PBXNativeTarget "test" */;
			buildPhases = (
				B1D7836F2BF4B95B002F8714 /* Sources */,
				B1D783702BF4B95B002F8714 /* Frameworks */,
				B1D783712BF4B95B002F8714 /* Resources */,
			);
			buildRules = (
			);
			dependencies = (
			);
			name = test;
			productName = test;
			productReference = B1D783732BF4B95B002F8714 /* test.app */;
			productType = "com.apple.product-type.application";
		};
		B1D783882BF4B95E002F8714 /* testTests */ = {
			isa = PBXNativeTarget;
			buildConfigurationList = B1D783A02BF4B95E002F8714 /* Build configuration list for PBXNativeTarget "testTests" */;
			buildPhases = (
				B1D783852BF4B95E002F8714 /* Sources */,
				B1D783862BF4B95E002F8714 /* Frameworks */,
				B1D783872BF4B95E002F8714 /* Resources */,
			);
			buildRules = (
			);
			dependencies = (
				B1D7838B2BF4B95E002F8714 /* PBXTargetDependency */,
			);
			name = testTests;
			productName = testTests;
			productReference = B1D783892BF4B95E002F8714 /* testTests.xctest */;
			productType = "com.apple.product-type.bundle.unit-test";
		};
		B1D783922BF4B95E002F8714 /* testUITests */ = {
			isa = PBXNativeTarget;
			buildConfigurationList = B1D783A32BF4B95E002F8714 /* Build configuration list for PBXNativeTarget "testUITests" */;
			buildPhases = (
				B1D7838F2BF4B95E002F8714 /* Sources */,
				B1D783902BF4B95E002F8714 /* Frameworks */,
				B1D783912BF4B95E002F8714 /* Resources */,
			);
			buildRules = (
			);
			dependencies = (
				B1D783952BF4B95E002F8714 /* PBXTargetDependency */,
			);
			name = testUITests;
			productName = testUITests;
			productReference = B1D783932BF4B95E002F8714 /* testUITests.xctest */;
			productType = "com.apple.product-type.bundle.ui-testing";
		};
/* End PBXNativeTarget section */

/* Begin PBXProject section */
		B1D7836B2BF4B95B002F8714 /* Project object */ = {
			isa = PBXProject;
			attributes = {
				BuildIndependentTargetsInParallel = 1;
				LastSwiftUpdateCheck = 1530;
				LastUpgradeCheck = 1530;
				TargetAttributes = {
					B1D783722BF4B95B002F8714 = {
						CreatedOnToolsVersion = 15.3;
					};
					B1D783882BF4B95E002F8714 = {
						CreatedOnToolsVersion = 15.3;
						TestTargetID = B1D783722BF4B95B002F8714;
					};
					B1D783922BF4B95E002F8714 = {
						CreatedOnToolsVersion = 15.3;
						TestTargetID = B1D783722BF4B95B002F8714;
					};
				};
			};
			buildConfigurationList = B1D7836E2BF4B95B002F8714 /* Build configuration list for PBXProject "test" */;
			compatibilityVersion = "Xcode 14.0";
			developmentRegion = en;
			hasScannedForEncodings = 0;
			knownRegions = (
				en,
				Base,
			);
			mainGroup = B1D7836A2BF4B95B002F8714;
			productRefGroup = B1D783742BF4B95B002F8714 /* Products */;
			projectDirPath = "";
			projectRoot = "";
			targets = (
				B1D783722BF4B95B002F8714 /* test */,
				B1D783882BF4B95E002F8714 /* testTests */,
				B1D783922BF4B95E002F8714 /* testUITests */,
			);
		};
/* End PBXProject section */

/* Begin PBXResourcesBuildPhase section */
		B1D783712BF4B95B002F8714 /* Resources */ = {
			isa = PBXResourcesBuildPhase;
			buildActionMask = 2147483647;
			files = (
				B1D783802BF4B95E002F8714 /* Assets.xcassets in Resources */,
				B1D783832BF4B95E002F8714 /* Base in Resources */,
				B1D7837E2BF4B95C002F8714 /* Base in Resources */,
			);
			runOnlyForDeploymentPostprocessing = 0;
		};
		B1D783872BF4B95E002F8714 /* Resources */ = {
			isa = PBXResourcesBuildPhase;
			buildActionMask = 2147483647;
			files = (
			);
			runOnlyForDeploymentPostprocessing = 0;
		};
		B1D783912BF4B95E002F8714 /* Resources */ = {
			isa = PBXResourcesBuildPhase;
			buildActionMask = 2147483647;
			files = (
			);
			runOnlyForDeploymentPostprocessing = 0;
		};
/* End PBXResourcesBuildPhase section */

/* Begin PBXSourcesBuildPhase section */
		B1D7836F2BF4B95B002F8714 /* Sources */ = {
			isa = PBXSourcesBuildPhase;
			buildActionMask = 2147483647;
			files = (
				B1D783A92BF4BC7C002F8714 /* NetworkService.swift in Sources */,
				B1D7837B2BF4B95B002F8714 /* ViewController.swift in Sources */,
				B1D783772BF4B95B002F8714 /* AppDelegate.swift in Sources */,
				B1D783792BF4B95B002F8714 /* SceneDelegate.swift in Sources */,
				B1D783A72BF4BA9E002F8714 /* Mdels.swift in Sources */,
			);
			runOnlyForDeploymentPostprocessing = 0;
		};
		B1D783852BF4B95E002F8714 /* Sources */ = {
			isa = PBXSourcesBuildPhase;
			buildActionMask = 2147483647;
			files = (
				B1D7838E2BF4B95E002F8714 /* testTests.swift in Sources */,
			);
			runOnlyForDeploymentPostprocessing = 0;
		};
		B1D7838F2BF4B95E002F8714 /* Sources */ = {
			isa = PBXSourcesBuildPhase;
			buildActionMask = 2147483647;
			files = (
				B1D7839A2BF4B95E002F8714 /* testUITestsLaunchTests.swift in Sources */,
				B1D783982BF4B95E002F8714 /* testUITests.swift in Sources */,
			);
			runOnlyForDeploymentPostprocessing = 0;
		};
/* End PBXSourcesBuildPhase section */

/* Begin PBXTargetDependency section */
		B1D7838B2BF4B95E002F8714 /* PBXTargetDependency */ = {
			isa = PBXTargetDependency;
			target = B1D783722BF4B95B002F8714 /* test */;
			targetProxy = B1D7838A2BF4B95E002F8714 /* PBXContainerItemProxy */;
		};
		B1D783952BF4B95E002F8714 /* PBXTargetDependency */ = {
			isa = PBXTargetDependency;
			target = B1D783722BF4B95B002F8714 /* test */;
			targetProxy = B1D783942BF4B95E002F8714 /* PBXContainerItemProxy */;
		};
/* End PBXTargetDependency section */

/* Begin PBXVariantGroup section */
		B1D7837C2BF4B95C002F8714 /* Main.storyboard */ = {
			isa = PBXVariantGroup;
			children = (
				B1D7837D2BF4B95C002F8714 /* Base */,
			);
			name = Main.storyboard;
			sourceTree = "<group>";
		};
		B1D783812BF4B95E002F8714 /* LaunchScreen.storyboard */ = {
			isa = PBXVariantGroup;
			children = (
				B1D783822BF4B95E002F8714 /* Base */,
			);
			name = LaunchScreen.storyboard;
			sourceTree = "<group>";
		};
/* End PBXVariantGroup section */

/* Begin XCBuildConfiguration section */
		B1D7839B2BF4B95E002F8714 /* Debug */ = {
			isa = XCBuildConfiguration;
			buildSettings = {
				ALWAYS_SEARCH_USER_PATHS = NO;
				ASSETCATALOG_COMPILER_GENERATE_SWIFT_ASSET_SYMBOL_EXTENSIONS = YES;
				CLANG_ANALYZER_NONNULL = YES;
				CLANG_ANALYZER_NUMBER_OBJECT_CONVERSION = YES_AGGRESSIVE;
				CLANG_CXX_LANGUAGE_STANDARD = "gnu++20";
				CLANG_ENABLE_MODULES = YES;
				CLANG_ENABLE_OBJC_ARC = YES;
				CLANG_ENABLE_OBJC_WEAK = YES;
				CLANG_WARN_BLOCK_CAPTURE_AUTORELEASING = YES;
				CLANG_WARN_BOOL_CONVERSION = YES;
				CLANG_WARN_COMMA = YES;
				CLANG_WARN_CONSTANT_CONVERSION = YES;
				CLANG_WARN_DEPRECATED_OBJC_IMPLEMENTATIONS = YES;
				CLANG_WARN_DIRECT_OBJC_ISA_USAGE = YES_ERROR;
				CLANG_WARN_DOCUMENTATION_COMMENTS = YES;
				CLANG_WARN_EMPTY_BODY = YES;
				CLANG_WARN_ENUM_CONVERSION = YES;
				CLANG_WARN_INFINITE_RECURSION = YES;
				CLANG_WARN_INT_CONVERSION = YES;
				CLANG_WARN_NON_LITERAL_NULL_CONVERSION = YES;
				CLANG_WARN_OBJC_IMPLICIT_RETAIN_SELF = YES;
				CLANG_WARN_OBJC_LITERAL_CONVERSION = YES;
				CLANG_WARN_OBJC_ROOT_CLASS = YES_ERROR;
				CLANG_WARN_QUOTED_INCLUDE_IN_FRAMEWORK_HEADER = YES;
				CLANG_WARN_RANGE_LOOP_ANALYSIS = YES;
				CLANG_WARN_STRICT_PROTOTYPES = YES;
				CLANG_WARN_SUSPICIOUS_MOVE = YES;
				CLANG_WARN_UNGUARDED_AVAILABILITY = YES_AGGRESSIVE;
				CLANG_WARN_UNREACHABLE_CODE = YES;
				CLANG_WARN__DUPLICATE_METHOD_MATCH = YES;
				COPY_PHASE_STRIP = NO;
				DEBUG_INFORMATION_FORMAT = dwarf;
				ENABLE_STRICT_OBJC_MSGSEND = YES;
				ENABLE_TESTABILITY = YES;
				ENABLE_USER_SCRIPT_SANDBOXING = YES;
				GCC_C_LANGUAGE_STANDARD = gnu17;
				GCC_DYNAMIC_NO_PIC = NO;
				GCC_NO_COMMON_BLOCKS = YES;
				GCC_OPTIMIZATION_LEVEL = 0;
				GCC_PREPROCESSOR_DEFINITIONS = (
					"DEBUG=1",
					"$(inherited)",
				);
				GCC_WARN_64_TO_32_BIT_CONVERSION = YES;
				GCC_WARN_ABOUT_RETURN_TYPE = YES_ERROR;
				GCC_WARN_UNDECLARED_SELECTOR = YES;
				GCC_WARN_UNINITIALIZED_AUTOS = YES_AGGRESSIVE;
				GCC_WARN_UNUSED_FUNCTION = YES;
				GCC_WARN_UNUSED_VARIABLE = YES;
				IPHONEOS_DEPLOYMENT_TARGET = 17.4;
				LOCALIZATION_PREFERS_STRING_CATALOGS = YES;
				MTL_ENABLE_DEBUG_INFO = INCLUDE_SOURCE;
				MTL_FAST_MATH = YES;
				ONLY_ACTIVE_ARCH = YES;
				SDKROOT = iphoneos;
				SWIFT_ACTIVE_COMPILATION_CONDITIONS = "DEBUG $(inherited)";
				SWIFT_OPTIMIZATION_LEVEL = "-Onone";
			};
			name = Debug;
		};
		B1D7839C2BF4B95E002F8714 /* Release */ = {
			isa = XCBuildConfiguration;
			buildSettings = {
				ALWAYS_SEARCH_USER_PATHS = NO;
				ASSETCATALOG_COMPILER_GENERATE_SWIFT_ASSET_SYMBOL_EXTENSIONS = YES;
				CLANG_ANALYZER_NONNULL = YES;
				CLANG_ANALYZER_NUMBER_OBJECT_CONVERSION = YES_AGGRESSIVE;
				CLANG_CXX_LANGUAGE_STANDARD = "gnu++20";
				CLANG_ENABLE_MODULES = YES;
				CLANG_ENABLE_OBJC_ARC = YES;
				CLANG_ENABLE_OBJC_WEAK = YES;
				CLANG_WARN_BLOCK_CAPTURE_AUTORELEASING = YES;
				CLANG_WARN_BOOL_CONVERSION = YES;
				CLANG_WARN_COMMA = YES;
				CLANG_WARN_CONSTANT_CONVERSION = YES;
				CLANG_WARN_DEPRECATED_OBJC_IMPLEMENTATIONS = YES;
				CLANG_WARN_DIRECT_OBJC_ISA_USAGE = YES_ERROR;
				CLANG_WARN_DOCUMENTATION_COMMENTS = YES;
				CLANG_WARN_EMPTY_BODY = YES;
				CLANG_WARN_ENUM_CONVERSION = YES;
				CLANG_WARN_INFINITE_RECURSION = YES;
				CLANG_WARN_INT_CONVERSION = YES;
				CLANG_WARN_NON_LITERAL_NULL_CONVERSION = YES;
				CLANG_WARN_OBJC_IMPLICIT_RETAIN_SELF = YES;
				CLANG_WARN_OBJC_LITERAL_CONVERSION = YES;
				CLANG_WARN_OBJC_ROOT_CLASS = YES_ERROR;
				CLANG_WARN_QUOTED_INCLUDE_IN_FRAMEWORK_HEADER = YES;
				CLANG_WARN_RANGE_LOOP_ANALYSIS = YES;
				CLANG_WARN_STRICT_PROTOTYPES = YES;
				CLANG_WARN_SUSPICIOUS_MOVE = YES;
				CLANG_WARN_UNGUARDED_AVAILABILITY = YES_AGGRESSIVE;
				CLANG_WARN_UNREACHABLE_CODE = YES;
				CLANG_WARN__DUPLICATE_METHOD_MATCH = YES;
				COPY_PHASE_STRIP = NO;
				DEBUG_INFORMATION_FORMAT = "dwarf-with-dsym";
				ENABLE_NS_ASSERTIONS = NO;
				ENABLE_STRICT_OBJC_MSGSEND = YES;
				ENABLE_USER_SCRIPT_SANDBOXING = YES;
				GCC_C_LANGUAGE_STANDARD = gnu17;
				GCC_NO_COMMON_BLOCKS = YES;
				GCC_WARN_64_TO_32_BIT_CONVERSION = YES;
				GCC_WARN_ABOUT_RETURN_TYPE = YES_ERROR;
				GCC_WARN_UNDECLARED_SELECTOR = YES;
				GCC_WARN_UNINITIALIZED_AUTOS = YES_AGGRESSIVE;
				GCC_WARN_UNUSED_FUNCTION = YES;
				GCC_WARN_UNUSED_VARIABLE = YES;
				IPHONEOS_DEPLOYMENT_TARGET = 17.4;
				LOCALIZATION_PREFERS_STRING_CATALOGS = YES;
				MTL_ENABLE_DEBUG_INFO = NO;
				MTL_FAST_MATH = YES;
				SDKROOT = iphoneos;
				SWIFT_COMPILATION_MODE = wholemodule;
				VALIDATE_PRODUCT = YES;
			};
			name = Release;
		};
		B1D7839E2BF4B95E002F8714 /* Debug */ = {
			isa = XCBuildConfiguration;
			buildSettings = {
				ASSETCATALOG_COMPILER_APPICON_NAME = AppIcon;
				ASSETCATALOG_COMPILER_GLOBAL_ACCENT_COLOR_NAME = AccentColor;
				CODE_SIGN_STYLE = Automatic;
				CURRENT_PROJECT_VERSION = 1;
				DEVELOPMENT_TEAM = Q4WH2ZZWCT;
				GENERATE_INFOPLIST_FILE = YES;
				INFOPLIST_FILE = test/Info.plist;
				INFOPLIST_KEY_UIApplicationSupportsIndirectInputEvents = YES;
				INFOPLIST_KEY_UILaunchStoryboardName = LaunchScreen;
				INFOPLIST_KEY_UIMainStoryboardFile = Main;
				INFOPLIST_KEY_UISupportedInterfaceOrientations_iPad = "UIInterfaceOrientationPortrait UIInterfaceOrientationPortraitUpsideDown UIInterfaceOrientationLandscapeLeft UIInterfaceOrientationLandscapeRight";
				INFOPLIST_KEY_UISupportedInterfaceOrientations_iPhone = "UIInterfaceOrientationPortrait UIInterfaceOrientationLandscapeLeft UIInterfaceOrientationLandscapeRight";
				LD_RUNPATH_SEARCH_PATHS = (
					"$(inherited)",
					"@executable_path/Frameworks",
				);
				MARKETING_VERSION = 1.0;
				PRODUCT_BUNDLE_IDENTIFIER = com.siddharthkothari.test;
				PRODUCT_NAME = "$(TARGET_NAME)";
				SWIFT_EMIT_LOC_STRINGS = YES;
				SWIFT_VERSION = 5.0;
				TARGETED_DEVICE_FAMILY = "1,2";
			};
			name = Debug;
		};
		B1D7839F2BF4B95E002F8714 /* Release */ = {
			isa = XCBuildConfiguration;
			buildSettings = {
				ASSETCATALOG_COMPILER_APPICON_NAME = AppIcon;
				ASSETCATALOG_COMPILER_GLOBAL_ACCENT_COLOR_NAME = AccentColor;
				CODE_SIGN_STYLE = Automatic;
				CURRENT_PROJECT_VERSION = 1;
				DEVELOPMENT_TEAM = Q4WH2ZZWCT;
				GENERATE_INFOPLIST_FILE = YES;
				INFOPLIST_FILE = test/Info.plist;
				INFOPLIST_KEY_UIApplicationSupportsIndirectInputEvents = YES;
				INFOPLIST_KEY_UILaunchStoryboardName = LaunchScreen;
				INFOPLIST_KEY_UIMainStoryboardFile = Main;
				INFOPLIST_KEY_UISupportedInterfaceOrientations_iPad = "UIInterfaceOrientationPortrait UIInterfaceOrientationPortraitUpsideDown UIInterfaceOrientationLandscapeLeft UIInterfaceOrientationLandscapeRight";
				INFOPLIST_KEY_UISupportedInterfaceOrientations_iPhone = "UIInterfaceOrientationPortrait UIInterfaceOrientationLandscapeLeft UIInterfaceOrientationLandscapeRight";
				LD_RUNPATH_SEARCH_PATHS = (
					"$(inherited)",
					"@executable_path/Frameworks",
				);
				MARKETING_VERSION = 1.0;
				PRODUCT_BUNDLE_IDENTIFIER = com.siddharthkothari.test;
				PRODUCT_NAME = "$(TARGET_NAME)";
				SWIFT_EMIT_LOC_STRINGS = YES;
				SWIFT_VERSION = 5.0;
				TARGETED_DEVICE_FAMILY = "1,2";
			};
			name = Release;
		};
		B1D783A12BF4B95E002F8714 /* Debug */ = {
			isa = XCBuildConfiguration;
			buildSettings = {
				ALWAYS_EMBED_SWIFT_STANDARD_LIBRARIES = YES;
				BUNDLE_LOADER = "$(TEST_HOST)";
				CODE_SIGN_STYLE = Automatic;
				CURRENT_PROJECT_VERSION = 1;
				DEVELOPMENT_TEAM = Q4WH2ZZWCT;
				GENERATE_INFOPLIST_FILE = YES;
				IPHONEOS_DEPLOYMENT_TARGET = 17.4;
				MARKETING_VERSION = 1.0;
				PRODUCT_BUNDLE_IDENTIFIER = com.siddharthkothari.testTests;
				PRODUCT_NAME = "$(TARGET_NAME)";
				SWIFT_EMIT_LOC_STRINGS = NO;
				SWIFT_VERSION = 5.0;
				TARGETED_DEVICE_FAMILY = "1,2";
				TEST_HOST = "$(BUILT_PRODUCTS_DIR)/test.app/$(BUNDLE_EXECUTABLE_FOLDER_PATH)/test";
			};
			name = Debug;
		};
		B1D783A22BF4B95E002F8714 /* Release */ = {
			isa = XCBuildConfiguration;
			buildSettings = {
				ALWAYS_EMBED_SWIFT_STANDARD_LIBRARIES = YES;
				BUNDLE_LOADER = "$(TEST_HOST)";
				CODE_SIGN_STYLE = Automatic;
				CURRENT_PROJECT_VERSION = 1;
				DEVELOPMENT_TEAM = Q4WH2ZZWCT;
				GENERATE_INFOPLIST_FILE = YES;
				IPHONEOS_DEPLOYMENT_TARGET = 17.4;
				MARKETING_VERSION = 1.0;
				PRODUCT_BUNDLE_IDENTIFIER = com.siddharthkothari.testTests;
				PRODUCT_NAME = "$(TARGET_NAME)";
				SWIFT_EMIT_LOC_STRINGS = NO;
				SWIFT_VERSION = 5.0;
				TARGETED_DEVICE_FAMILY = "1,2";
				TEST_HOST = "$(BUILT_PRODUCTS_DIR)/test.app/$(BUNDLE_EXECUTABLE_FOLDER_PATH)/test";
			};
			name = Release;
		};
		B1D783A42BF4B95E002F8714 /* Debug */ = {
			isa = XCBuildConfiguration;
			buildSettings = {
				ALWAYS_EMBED_SWIFT_STANDARD_LIBRARIES = YES;
				CODE_SIGN_STYLE = Automatic;
				CURRENT_PROJECT_VERSION = 1;
				DEVELOPMENT_TEAM = Q4WH2ZZWCT;
				GENERATE_INFOPLIST_FILE = YES;
				MARKETING_VERSION = 1.0;
				PRODUCT_BUNDLE_IDENTIFIER = com.siddharthkothari.testUITests;
				PRODUCT_NAME = "$(TARGET_NAME)";
				SWIFT_EMIT_LOC_STRINGS = NO;
				SWIFT_VERSION = 5.0;
				TARGETED_DEVICE_FAMILY = "1,2";
				TEST_TARGET_NAME = test;
			};
			name = Debug;
		};
		B1D783A52BF4B95E002F8714 /* Release */ = {
			isa = XCBuildConfiguration;
			buildSettings = {
				ALWAYS_EMBED_SWIFT_STANDARD_LIBRARIES = YES;
				CODE_SIGN_STYLE = Automatic;
				CURRENT_PROJECT_VERSION = 1;
				DEVELOPMENT_TEAM = Q4WH2ZZWCT;
				GENERATE_INFOPLIST_FILE = YES;
				MARKETING_VERSION = 1.0;
				PRODUCT_BUNDLE_IDENTIFIER = com.siddharthkothari.testUITests;
				PRODUCT_NAME = "$(TARGET_NAME)";
				SWIFT_EMIT_LOC_STRINGS = NO;
				SWIFT_VERSION = 5.0;
				TARGETED_DEVICE_FAMILY = "1,2";
				TEST_TARGET_NAME = test;
			};
			name = Release;
		};
/* End XCBuildConfiguration section */

/* Begin XCConfigurationList section */
		B1D7836E2BF4B95B002F8714 /* Build configuration list for PBXProject "test" */ = {
			isa = XCConfigurationList;
			buildConfigurations = (
				B1D7839B2BF4B95E002F8714 /* Debug */,
				B1D7839C2BF4B95E002F8714 /* Release */,
			);
			defaultConfigurationIsVisible = 0;
			defaultConfigurationName = Release;
		};
		B1D7839D2BF4B95E002F8714 /* Build configuration list for PBXNativeTarget "test" */ = {
			isa = XCConfigurationList;
			buildConfigurations = (
				B1D7839E2BF4B95E002F8714 /* Debug */,
				B1D7839F2BF4B95E002F8714 /* Release */,
			);
			defaultConfigurationIsVisible = 0;
			defaultConfigurationName = Release;
		};
		B1D783A02BF4B95E002F8714 /* Build configuration list for PBXNativeTarget "testTests" */ = {
			isa = XCConfigurationList;
			buildConfigurations = (
				B1D783A12BF4B95E002F8714 /* Debug */,
				B1D783A22BF4B95E002F8714 /* Release */,
			);
			defaultConfigurationIsVisible = 0;
			defaultConfigurationName = Release;
		};
		B1D783A32BF4B95E002F8714 /* Build configuration list for PBXNativeTarget "testUITests" */ = {
			isa = XCConfigurationList;
			buildConfigurations = (
				B1D783A42BF4B95E002F8714 /* Debug */,
				B1D783A52BF4B95E002F8714 /* Release */,
			);
			defaultConfigurationIsVisible = 0;
			defaultConfigurationName = Release;
		};
/* End XCConfigurationList section */
	};
	rootObject = B1D7836B2BF4B95B002F8714 /* Project object */;
}
