// !$*UTF8*$!
{
	archiveVersion = 1;
	classes = {
	};
	objectVersion = 56;
	objects = {

/* Begin PBXBuildFile section */
		B13C089E2BDB84FB00A3CBE7 /* AppDelegate.swift in Sources */ = {isa = PBXBuildFile; fileRef = B13C089D2BDB84FB00A3CBE7 /* AppDelegate.swift */; };
		B13C08A02BDB84FB00A3CBE7 /* SceneDelegate.swift in Sources */ = {isa = PBXBuildFile; fileRef = B13C089F2BDB84FB00A3CBE7 /* SceneDelegate.swift */; };
		B13C08A22BDB84FB00A3CBE7 /* ViewController.swift in Sources */ = {isa = PBXBuildFile; fileRef = B13C08A12BDB84FB00A3CBE7 /* ViewController.swift */; };
		B13C08A52BDB84FB00A3CBE7 /* Base in Resources */ = {isa = PBXBuildFile; fileRef = B13C08A42BDB84FB00A3CBE7 /* Base */; };
		B13C08A72BDB850000A3CBE7 /* Assets.xcassets in Resources */ = {isa = PBXBuildFile; fileRef = B13C08A62BDB850000A3CBE7 /* Assets.xcassets */; };
		B13C08AA2BDB850000A3CBE7 /* Base in Resources */ = {isa = PBXBuildFile; fileRef = B13C08A92BDB850000A3CBE7 /* Base */; };
		B13C08B52BDB850000A3CBE7 /* TechibutlerTests.swift in Sources */ = {isa = PBXBuildFile; fileRef = B13C08B42BDB850000A3CBE7 /* TechibutlerTests.swift */; };
		B13C08BF2BDB850000A3CBE7 /* TechibutlerUITests.swift in Sources */ = {isa = PBXBuildFile; fileRef = B13C08BE2BDB850000A3CBE7 /* TechibutlerUITests.swift */; };
		B13C08C12BDB850000A3CBE7 /* TechibutlerUITestsLaunchTests.swift in Sources */ = {isa = PBXBuildFile; fileRef = B13C08C02BDB850000A3CBE7 /* TechibutlerUITestsLaunchTests.swift */; };
		B13C08CE2BDB852B00A3CBE7 /* Post.swift in Sources */ = {isa = PBXBuildFile; fileRef = B13C08CD2BDB852B00A3CBE7 /* Post.swift */; };
		B13C08D02BDB871200A3CBE7 /* NetworkManager.swift in Sources */ = {isa = PBXBuildFile; fileRef = B13C08CF2BDB871200A3CBE7 /* NetworkManager.swift */; };
		B13C08D22BDB8AB400A3CBE7 /* NetworkError.swift in Sources */ = {isa = PBXBuildFile; fileRef = B13C08D12BDB8AB400A3CBE7 /* NetworkError.swift */; };
		B13C08D42BDB95AF00A3CBE7 /* PostCell.swift in Sources */ = {isa = PBXBuildFile; fileRef = B13C08D32BDB95AF00A3CBE7 /* PostCell.swift */; };
/* End PBXBuildFile section */

/* Begin PBXContainerItemProxy section */
		B13C08B12BDB850000A3CBE7 /* PBXContainerItemProxy */ = {
			isa = PBXContainerItemProxy;
			containerPortal = B13C08922BDB84FB00A3CBE7 /* Project object */;
			proxyType = 1;
			remoteGlobalIDString = B13C08992BDB84FB00A3CBE7;
			remoteInfo = Techibutler;
		};
		B13C08BB2BDB850000A3CBE7 /* PBXContainerItemProxy */ = {
			isa = PBXContainerItemProxy;
			containerPortal = B13C08922BDB84FB00A3CBE7 /* Project object */;
			proxyType = 1;
			remoteGlobalIDString = B13C08992BDB84FB00A3CBE7;
			remoteInfo = Techibutler;
		};
/* End PBXContainerItemProxy section */

/* Begin PBXFileReference section */
		B13C089A2BDB84FB00A3CBE7 /* Techibutler.app */ = {isa = PBXFileReference; explicitFileType = wrapper.application; includeInIndex = 0; path = Techibutler.app; sourceTree = BUILT_PRODUCTS_DIR; };
		B13C089D2BDB84FB00A3CBE7 /* AppDelegate.swift */ = {isa = PBXFileReference; lastKnownFileType = sourcecode.swift; path = AppDelegate.swift; sourceTree = "<group>"; };
		B13C089F2BDB84FB00A3CBE7 /* SceneDelegate.swift */ = {isa = PBXFileReference; lastKnownFileType = sourcecode.swift; path = SceneDelegate.swift; sourceTree = "<group>"; };
		B13C08A12BDB84FB00A3CBE7 /* ViewController.swift */ = {isa = PBXFileReference; lastKnownFileType = sourcecode.swift; path = ViewController.swift; sourceTree = "<group>"; };
		B13C08A42BDB84FB00A3CBE7 /* Base */ = {isa = PBXFileReference; lastKnownFileType = file.storyboard; name = Base; path = Base.lproj/Main.storyboard; sourceTree = "<group>"; };
		B13C08A62BDB850000A3CBE7 /* Assets.xcassets */ = {isa = PBXFileReference; lastKnownFileType = folder.assetcatalog; path = Assets.xcassets; sourceTree = "<group>"; };
		B13C08A92BDB850000A3CBE7 /* Base */ = {isa = PBXFileReference; lastKnownFileType = file.storyboard; name = Base; path = Base.lproj/LaunchScreen.storyboard; sourceTree = "<group>"; };
		B13C08AB2BDB850000A3CBE7 /* Info.plist */ = {isa = PBXFileReference; lastKnownFileType = text.plist.xml; path = Info.plist; sourceTree = "<group>"; };
		B13C08B02BDB850000A3CBE7 /* TechibutlerTests.xctest */ = {isa = PBXFileReference; explicitFileType = wrapper.cfbundle; includeInIndex = 0; path = TechibutlerTests.xctest; sourceTree = BUILT_PRODUCTS_DIR; };
		B13C08B42BDB850000A3CBE7 /* TechibutlerTests.swift */ = {isa = PBXFileReference; lastKnownFileType = sourcecode.swift; path = TechibutlerTests.swift; sourceTree = "<group>"; };
		B13C08BA2BDB850000A3CBE7 /* TechibutlerUITests.xctest */ = {isa = PBXFileReference; explicitFileType = wrapper.cfbundle; includeInIndex = 0; path = TechibutlerUITests.xctest; sourceTree = BUILT_PRODUCTS_DIR; };
		B13C08BE2BDB850000A3CBE7 /* TechibutlerUITests.swift */ = {isa = PBXFileReference; lastKnownFileType = sourcecode.swift; path = TechibutlerUITests.swift; sourceTree = "<group>"; };
		B13C08C02BDB850000A3CBE7 /* TechibutlerUITestsLaunchTests.swift */ = {isa = PBXFileReference; lastKnownFileType = sourcecode.swift; path = TechibutlerUITestsLaunchTests.swift; sourceTree = "<group>"; };
		B13C08CD2BDB852B00A3CBE7 /* Post.swift */ = {isa = PBXFileReference; lastKnownFileType = sourcecode.swift; path = Post.swift; sourceTree = "<group>"; };
		B13C08CF2BDB871200A3CBE7 /* NetworkManager.swift */ = {isa = PBXFileReference; lastKnownFileType = sourcecode.swift; path = NetworkManager.swift; sourceTree = "<group>"; };
		B13C08D12BDB8AB400A3CBE7 /* NetworkError.swift */ = {isa = PBXFileReference; lastKnownFileType = sourcecode.swift; path = NetworkError.swift; sourceTree = "<group>"; };
		B13C08D32BDB95AF00A3CBE7 /* PostCell.swift */ = {isa = PBXFileReference; lastKnownFileType = sourcecode.swift; path = PostCell.swift; sourceTree = "<group>"; };
/* End PBXFileReference section */

/* Begin PBXFrameworksBuildPhase section */
		B13C08972BDB84FB00A3CBE7 /* Frameworks */ = {
			isa = PBXFrameworksBuildPhase;
			buildActionMask = 2147483647;
			files = (
			);
			runOnlyForDeploymentPostprocessing = 0;
		};
		B13C08AD2BDB850000A3CBE7 /* Frameworks */ = {
			isa = PBXFrameworksBuildPhase;
			buildActionMask = 2147483647;
			files = (
			);
			runOnlyForDeploymentPostprocessing = 0;
		};
		B13C08B72BDB850000A3CBE7 /* Frameworks */ = {
			isa = PBXFrameworksBuildPhase;
			buildActionMask = 2147483647;
			files = (
			);
			runOnlyForDeploymentPostprocessing = 0;
		};
/* End PBXFrameworksBuildPhase section */

/* Begin PBXGroup section */
		B13C08912BDB84FB00A3CBE7 = {
			isa = PBXGroup;
			children = (
				B13C089C2BDB84FB00A3CBE7 /* Techibutler */,
				B13C08B32BDB850000A3CBE7 /* TechibutlerTests */,
				B13C08BD2BDB850000A3CBE7 /* TechibutlerUITests */,
				B13C089B2BDB84FB00A3CBE7 /* Products */,
			);
			sourceTree = "<group>";
		};
		B13C089B2BDB84FB00A3CBE7 /* Products */ = {
			isa = PBXGroup;
			children = (
				B13C089A2BDB84FB00A3CBE7 /* Techibutler.app */,
				B13C08B02BDB850000A3CBE7 /* TechibutlerTests.xctest */,
				B13C08BA2BDB850000A3CBE7 /* TechibutlerUITests.xctest */,
			);
			name = Products;
			sourceTree = "<group>";
		};
		B13C089C2BDB84FB00A3CBE7 /* Techibutler */ = {
			isa = PBXGroup;
			children = (
				B13C089D2BDB84FB00A3CBE7 /* AppDelegate.swift */,
				B13C089F2BDB84FB00A3CBE7 /* SceneDelegate.swift */,
				B13C08A12BDB84FB00A3CBE7 /* ViewController.swift */,
				B13C08CD2BDB852B00A3CBE7 /* Post.swift */,
				B13C08D32BDB95AF00A3CBE7 /* PostCell.swift */,
				B13C08CF2BDB871200A3CBE7 /* NetworkManager.swift */,
				B13C08D12BDB8AB400A3CBE7 /* NetworkError.swift */,
				B13C08A32BDB84FB00A3CBE7 /* Main.storyboard */,
				B13C08A62BDB850000A3CBE7 /* Assets.xcassets */,
				B13C08A82BDB850000A3CBE7 /* LaunchScreen.storyboard */,
				B13C08AB2BDB850000A3CBE7 /* Info.plist */,
			);
			path = Techibutler;
			sourceTree = "<group>";
		};
		B13C08B32BDB850000A3CBE7 /* TechibutlerTests */ = {
			isa = PBXGroup;
			children = (
				B13C08B42BDB850000A3CBE7 /* TechibutlerTests.swift */,
			);
			path = TechibutlerTests;
			sourceTree = "<group>";
		};
		B13C08BD2BDB850000A3CBE7 /* TechibutlerUITests */ = {
			isa = PBXGroup;
			children = (
				B13C08BE2BDB850000A3CBE7 /* TechibutlerUITests.swift */,
				B13C08C02BDB850000A3CBE7 /* TechibutlerUITestsLaunchTests.swift */,
			);
			path = TechibutlerUITests;
			sourceTree = "<group>";
		};
/* End PBXGroup section */

/* Begin PBXNativeTarget section */
		B13C08992BDB84FB00A3CBE7 /* Techibutler */ = {
			isa = PBXNativeTarget;
			buildConfigurationList = B13C08C42BDB850000A3CBE7 /* Build configuration list for PBXNativeTarget "Techibutler" */;
			buildPhases = (
				B13C08962BDB84FB00A3CBE7 /* Sources */,
				B13C08972BDB84FB00A3CBE7 /* Frameworks */,
				B13C08982BDB84FB00A3CBE7 /* Resources */,
			);
			buildRules = (
			);
			dependencies = (
			);
			name = Techibutler;
			productName = Techibutler;
			productReference = B13C089A2BDB84FB00A3CBE7 /* Techibutler.app */;
			productType = "com.apple.product-type.application";
		};
		B13C08AF2BDB850000A3CBE7 /* TechibutlerTests */ = {
			isa = PBXNativeTarget;
			buildConfigurationList = B13C08C72BDB850000A3CBE7 /* Build configuration list for PBXNativeTarget "TechibutlerTests" */;
			buildPhases = (
				B13C08AC2BDB850000A3CBE7 /* Sources */,
				B13C08AD2BDB850000A3CBE7 /* Frameworks */,
				B13C08AE2BDB850000A3CBE7 /* Resources */,
			);
			buildRules = (
			);
			dependencies = (
				B13C08B22BDB850000A3CBE7 /* PBXTargetDependency */,
			);
			name = TechibutlerTests;
			productName = TechibutlerTests;
			productReference = B13C08B02BDB850000A3CBE7 /* TechibutlerTests.xctest */;
			productType = "com.apple.product-type.bundle.unit-test";
		};
		B13C08B92BDB850000A3CBE7 /* TechibutlerUITests */ = {
			isa = PBXNativeTarget;
			buildConfigurationList = B13C08CA2BDB850000A3CBE7 /* Build configuration list for PBXNativeTarget "TechibutlerUITests" */;
			buildPhases = (
				B13C08B62BDB850000A3CBE7 /* Sources */,
				B13C08B72BDB850000A3CBE7 /* Frameworks */,
				B13C08B82BDB850000A3CBE7 /* Resources */,
			);
			buildRules = (
			);
			dependencies = (
				B13C08BC2BDB850000A3CBE7 /* PBXTargetDependency */,
			);
			name = TechibutlerUITests;
			productName = TechibutlerUITests;
			productReference = B13C08BA2BDB850000A3CBE7 /* TechibutlerUITests.xctest */;
			productType = "com.apple.product-type.bundle.ui-testing";
		};
/* End PBXNativeTarget section */

/* Begin PBXProject section */
		B13C08922BDB84FB00A3CBE7 /* Project object */ = {
			isa = PBXProject;
			attributes = {
				BuildIndependentTargetsInParallel = 1;
				LastSwiftUpdateCheck = 1530;
				LastUpgradeCheck = 1530;
				TargetAttributes = {
					B13C08992BDB84FB00A3CBE7 = {
						CreatedOnToolsVersion = 15.3;
					};
					B13C08AF2BDB850000A3CBE7 = {
						CreatedOnToolsVersion = 15.3;
						TestTargetID = B13C08992BDB84FB00A3CBE7;
					};
					B13C08B92BDB850000A3CBE7 = {
						CreatedOnToolsVersion = 15.3;
						TestTargetID = B13C08992BDB84FB00A3CBE7;
					};
				};
			};
			buildConfigurationList = B13C08952BDB84FB00A3CBE7 /* Build configuration list for PBXProject "Techibutler" */;
			compatibilityVersion = "Xcode 14.0";
			developmentRegion = en;
			hasScannedForEncodings = 0;
			knownRegions = (
				en,
				Base,
			);
			mainGroup = B13C08912BDB84FB00A3CBE7;
			productRefGroup = B13C089B2BDB84FB00A3CBE7 /* Products */;
			projectDirPath = "";
			projectRoot = "";
			targets = (
				B13C08992BDB84FB00A3CBE7 /* Techibutler */,
				B13C08AF2BDB850000A3CBE7 /* TechibutlerTests */,
				B13C08B92BDB850000A3CBE7 /* TechibutlerUITests */,
			);
		};
/* End PBXProject section */

/* Begin PBXResourcesBuildPhase section */
		B13C08982BDB84FB00A3CBE7 /* Resources */ = {
			isa = PBXResourcesBuildPhase;
			buildActionMask = 2147483647;
			files = (
				B13C08A72BDB850000A3CBE7 /* Assets.xcassets in Resources */,
				B13C08AA2BDB850000A3CBE7 /* Base in Resources */,
				B13C08A52BDB84FB00A3CBE7 /* Base in Resources */,
			);
			runOnlyForDeploymentPostprocessing = 0;
		};
		B13C08AE2BDB850000A3CBE7 /* Resources */ = {
			isa = PBXResourcesBuildPhase;
			buildActionMask = 2147483647;
			files = (
			);
			runOnlyForDeploymentPostprocessing = 0;
		};
		B13C08B82BDB850000A3CBE7 /* Resources */ = {
			isa = PBXResourcesBuildPhase;
			buildActionMask = 2147483647;
			files = (
			);
			runOnlyForDeploymentPostprocessing = 0;
		};
/* End PBXResourcesBuildPhase section */

/* Begin PBXSourcesBuildPhase section */
		B13C08962BDB84FB00A3CBE7 /* Sources */ = {
			isa = PBXSourcesBuildPhase;
			buildActionMask = 2147483647;
			files = (
				B13C08D42BDB95AF00A3CBE7 /* PostCell.swift in Sources */,
				B13C08A22BDB84FB00A3CBE7 /* ViewController.swift in Sources */,
				B13C089E2BDB84FB00A3CBE7 /* AppDelegate.swift in Sources */,
				B13C08D02BDB871200A3CBE7 /* NetworkManager.swift in Sources */,
				B13C08D22BDB8AB400A3CBE7 /* NetworkError.swift in Sources */,
				B13C08A02BDB84FB00A3CBE7 /* SceneDelegate.swift in Sources */,
				B13C08CE2BDB852B00A3CBE7 /* Post.swift in Sources */,
			);
			runOnlyForDeploymentPostprocessing = 0;
		};
		B13C08AC2BDB850000A3CBE7 /* Sources */ = {
			isa = PBXSourcesBuildPhase;
			buildActionMask = 2147483647;
			files = (
				B13C08B52BDB850000A3CBE7 /* TechibutlerTests.swift in Sources */,
			);
			runOnlyForDeploymentPostprocessing = 0;
		};
		B13C08B62BDB850000A3CBE7 /* Sources */ = {
			isa = PBXSourcesBuildPhase;
			buildActionMask = 2147483647;
			files = (
				B13C08C12BDB850000A3CBE7 /* TechibutlerUITestsLaunchTests.swift in Sources */,
				B13C08BF2BDB850000A3CBE7 /* TechibutlerUITests.swift in Sources */,
			);
			runOnlyForDeploymentPostprocessing = 0;
		};
/* End PBXSourcesBuildPhase section */

/* Begin PBXTargetDependency section */
		B13C08B22BDB850000A3CBE7 /* PBXTargetDependency */ = {
			isa = PBXTargetDependency;
			target = B13C08992BDB84FB00A3CBE7 /* Techibutler */;
			targetProxy = B13C08B12BDB850000A3CBE7 /* PBXContainerItemProxy */;
		};
		B13C08BC2BDB850000A3CBE7 /* PBXTargetDependency */ = {
			isa = PBXTargetDependency;
			target = B13C08992BDB84FB00A3CBE7 /* Techibutler */;
			targetProxy = B13C08BB2BDB850000A3CBE7 /* PBXContainerItemProxy */;
		};
/* End PBXTargetDependency section */

/* Begin PBXVariantGroup section */
		B13C08A32BDB84FB00A3CBE7 /* Main.storyboard */ = {
			isa = PBXVariantGroup;
			children = (
				B13C08A42BDB84FB00A3CBE7 /* Base */,
			);
			name = Main.storyboard;
			sourceTree = "<group>";
		};
		B13C08A82BDB850000A3CBE7 /* LaunchScreen.storyboard */ = {
			isa = PBXVariantGroup;
			children = (
				B13C08A92BDB850000A3CBE7 /* Base */,
			);
			name = LaunchScreen.storyboard;
			sourceTree = "<group>";
		};
/* End PBXVariantGroup section */

/* Begin XCBuildConfiguration section */
		B13C08C22BDB850000A3CBE7 /* Debug */ = {
			isa = XCBuildConfiguration;
			buildSettings = {
				ALWAYS_SEARCH_USER_PATHS = NO;
				ASSETCATALOG_COMPILER_GENERATE_SWIFT_ASSET_SYMBOL_EXTENSIONS = YES;
				CLANG_ANALYZER_NONNULL = YES;
				CLANG_ANALYZER_NUMBER_OBJECT_CONVERSION = YES_AGGRESSIVE;
				CLANG_CXX_LANGUAGE_STANDARD = "gnu++20";
				CLANG_ENABLE_MODULES = YES;
				CLANG_ENABLE_OBJC_ARC = YES;
				CLANG_ENABLE_OBJC_WEAK = YES;
				CLANG_WARN_BLOCK_CAPTURE_AUTORELEASING = YES;
				CLANG_WARN_BOOL_CONVERSION = YES;
				CLANG_WARN_COMMA = YES;
				CLANG_WARN_CONSTANT_CONVERSION = YES;
				CLANG_WARN_DEPRECATED_OBJC_IMPLEMENTATIONS = YES;
				CLANG_WARN_DIRECT_OBJC_ISA_USAGE = YES_ERROR;
				CLANG_WARN_DOCUMENTATION_COMMENTS = YES;
				CLANG_WARN_EMPTY_BODY = YES;
				CLANG_WARN_ENUM_CONVERSION = YES;
				CLANG_WARN_INFINITE_RECURSION = YES;
				CLANG_WARN_INT_CONVERSION = YES;
				CLANG_WARN_NON_LITERAL_NULL_CONVERSION = YES;
				CLANG_WARN_OBJC_IMPLICIT_RETAIN_SELF = YES;
				CLANG_WARN_OBJC_LITERAL_CONVERSION = YES;
				CLANG_WARN_OBJC_ROOT_CLASS = YES_ERROR;
				CLANG_WARN_QUOTED_INCLUDE_IN_FRAMEWORK_HEADER = YES;
				CLANG_WARN_RANGE_LOOP_ANALYSIS = YES;
				CLANG_WARN_STRICT_PROTOTYPES = YES;
				CLANG_WARN_SUSPICIOUS_MOVE = YES;
				CLANG_WARN_UNGUARDED_AVAILABILITY = YES_AGGRESSIVE;
				CLANG_WARN_UNREACHABLE_CODE = YES;
				CLANG_WARN__DUPLICATE_METHOD_MATCH = YES;
				COPY_PHASE_STRIP = NO;
				DEBUG_INFORMATION_FORMAT = dwarf;
				ENABLE_STRICT_OBJC_MSGSEND = YES;
				ENABLE_TESTABILITY = YES;
				ENABLE_USER_SCRIPT_SANDBOXING = YES;
				GCC_C_LANGUAGE_STANDARD = gnu17;
				GCC_DYNAMIC_NO_PIC = NO;
				GCC_NO_COMMON_BLOCKS = YES;
				GCC_OPTIMIZATION_LEVEL = 0;
				GCC_PREPROCESSOR_DEFINITIONS = (
					"DEBUG=1",
					"$(inherited)",
				);
				GCC_WARN_64_TO_32_BIT_CONVERSION = YES;
				GCC_WARN_ABOUT_RETURN_TYPE = YES_ERROR;
				GCC_WARN_UNDECLARED_SELECTOR = YES;
				GCC_WARN_UNINITIALIZED_AUTOS = YES_AGGRESSIVE;
				GCC_WARN_UNUSED_FUNCTION = YES;
				GCC_WARN_UNUSED_VARIABLE = YES;
				IPHONEOS_DEPLOYMENT_TARGET = 17.4;
				LOCALIZATION_PREFERS_STRING_CATALOGS = YES;
				MTL_ENABLE_DEBUG_INFO = INCLUDE_SOURCE;
				MTL_FAST_MATH = YES;
				ONLY_ACTIVE_ARCH = YES;
				SDKROOT = iphoneos;
				SWIFT_ACTIVE_COMPILATION_CONDITIONS = "DEBUG $(inherited)";
				SWIFT_OPTIMIZATION_LEVEL = "-Onone";
			};
			name = Debug;
		};
		B13C08C32BDB850000A3CBE7 /* Release */ = {
			isa = XCBuildConfiguration;
			buildSettings = {
				ALWAYS_SEARCH_USER_PATHS = NO;
				ASSETCATALOG_COMPILER_GENERATE_SWIFT_ASSET_SYMBOL_EXTENSIONS = YES;
				CLANG_ANALYZER_NONNULL = YES;
				CLANG_ANALYZER_NUMBER_OBJECT_CONVERSION = YES_AGGRESSIVE;
				CLANG_CXX_LANGUAGE_STANDARD = "gnu++20";
				CLANG_ENABLE_MODULES = YES;
				CLANG_ENABLE_OBJC_ARC = YES;
				CLANG_ENABLE_OBJC_WEAK = YES;
				CLANG_WARN_BLOCK_CAPTURE_AUTORELEASING = YES;
				CLANG_WARN_BOOL_CONVERSION = YES;
				CLANG_WARN_COMMA = YES;
				CLANG_WARN_CONSTANT_CONVERSION = YES;
				CLANG_WARN_DEPRECATED_OBJC_IMPLEMENTATIONS = YES;
				CLANG_WARN_DIRECT_OBJC_ISA_USAGE = YES_ERROR;
				CLANG_WARN_DOCUMENTATION_COMMENTS = YES;
				CLANG_WARN_EMPTY_BODY = YES;
				CLANG_WARN_ENUM_CONVERSION = YES;
				CLANG_WARN_INFINITE_RECURSION = YES;
				CLANG_WARN_INT_CONVERSION = YES;
				CLANG_WARN_NON_LITERAL_NULL_CONVERSION = YES;
				CLANG_WARN_OBJC_IMPLICIT_RETAIN_SELF = YES;
				CLANG_WARN_OBJC_LITERAL_CONVERSION = YES;
				CLANG_WARN_OBJC_ROOT_CLASS = YES_ERROR;
				CLANG_WARN_QUOTED_INCLUDE_IN_FRAMEWORK_HEADER = YES;
				CLANG_WARN_RANGE_LOOP_ANALYSIS = YES;
				CLANG_WARN_STRICT_PROTOTYPES = YES;
				CLANG_WARN_SUSPICIOUS_MOVE = YES;
				CLANG_WARN_UNGUARDED_AVAILABILITY = YES_AGGRESSIVE;
				CLANG_WARN_UNREACHABLE_CODE = YES;
				CLANG_WARN__DUPLICATE_METHOD_MATCH = YES;
				COPY_PHASE_STRIP = NO;
				DEBUG_INFORMATION_FORMAT = "dwarf-with-dsym";
				ENABLE_NS_ASSERTIONS = NO;
				ENABLE_STRICT_OBJC_MSGSEND = YES;
				ENABLE_USER_SCRIPT_SANDBOXING = YES;
				GCC_C_LANGUAGE_STANDARD = gnu17;
				GCC_NO_COMMON_BLOCKS = YES;
				GCC_WARN_64_TO_32_BIT_CONVERSION = YES;
				GCC_WARN_ABOUT_RETURN_TYPE = YES_ERROR;
				GCC_WARN_UNDECLARED_SELECTOR = YES;
				GCC_WARN_UNINITIALIZED_AUTOS = YES_AGGRESSIVE;
				GCC_WARN_UNUSED_FUNCTION = YES;
				GCC_WARN_UNUSED_VARIABLE = YES;
				IPHONEOS_DEPLOYMENT_TARGET = 17.4;
				LOCALIZATION_PREFERS_STRING_CATALOGS = YES;
				MTL_ENABLE_DEBUG_INFO = NO;
				MTL_FAST_MATH = YES;
				SDKROOT = iphoneos;
				SWIFT_COMPILATION_MODE = wholemodule;
				VALIDATE_PRODUCT = YES;
			};
			name = Release;
		};
		B13C08C52BDB850000A3CBE7 /* Debug */ = {
			isa = XCBuildConfiguration;
			buildSettings = {
				ASSETCATALOG_COMPILER_APPICON_NAME = AppIcon;
				ASSETCATALOG_COMPILER_GLOBAL_ACCENT_COLOR_NAME = AccentColor;
				CODE_SIGN_STYLE = Automatic;
				CURRENT_PROJECT_VERSION = 1;
				DEVELOPMENT_TEAM = Q4WH2ZZWCT;
				GENERATE_INFOPLIST_FILE = YES;
				INFOPLIST_FILE = Techibutler/Info.plist;
				INFOPLIST_KEY_UIApplicationSupportsIndirectInputEvents = YES;
				INFOPLIST_KEY_UILaunchStoryboardName = LaunchScreen;
				INFOPLIST_KEY_UIMainStoryboardFile = Main;
				INFOPLIST_KEY_UISupportedInterfaceOrientations_iPad = "UIInterfaceOrientationPortrait UIInterfaceOrientationPortraitUpsideDown UIInterfaceOrientationLandscapeLeft UIInterfaceOrientationLandscapeRight";
				INFOPLIST_KEY_UISupportedInterfaceOrientations_iPhone = "UIInterfaceOrientationPortrait UIInterfaceOrientationLandscapeLeft UIInterfaceOrientationLandscapeRight";
				LD_RUNPATH_SEARCH_PATHS = (
					"$(inherited)",
					"@executable_path/Frameworks",
				);
				MARKETING_VERSION = 1.0;
				PRODUCT_BUNDLE_IDENTIFIER = com.siddharthkothari.Techibutler;
				PRODUCT_NAME = "$(TARGET_NAME)";
				SWIFT_EMIT_LOC_STRINGS = YES;
				SWIFT_VERSION = 5.0;
				TARGETED_DEVICE_FAMILY = "1,2";
			};
			name = Debug;
		};
		B13C08C62BDB850000A3CBE7 /* Release */ = {
			isa = XCBuildConfiguration;
			buildSettings = {
				ASSETCATALOG_COMPILER_APPICON_NAME = AppIcon;
				ASSETCATALOG_COMPILER_GLOBAL_ACCENT_COLOR_NAME = AccentColor;
				CODE_SIGN_STYLE = Automatic;
				CURRENT_PROJECT_VERSION = 1;
				DEVELOPMENT_TEAM = Q4WH2ZZWCT;
				GENERATE_INFOPLIST_FILE = YES;
				INFOPLIST_FILE = Techibutler/Info.plist;
				INFOPLIST_KEY_UIApplicationSupportsIndirectInputEvents = YES;
				INFOPLIST_KEY_UILaunchStoryboardName = LaunchScreen;
				INFOPLIST_KEY_UIMainStoryboardFile = Main;
				INFOPLIST_KEY_UISupportedInterfaceOrientations_iPad = "UIInterfaceOrientationPortrait UIInterfaceOrientationPortraitUpsideDown UIInterfaceOrientationLandscapeLeft UIInterfaceOrientationLandscapeRight";
				INFOPLIST_KEY_UISupportedInterfaceOrientations_iPhone = "UIInterfaceOrientationPortrait UIInterfaceOrientationLandscapeLeft UIInterfaceOrientationLandscapeRight";
				LD_RUNPATH_SEARCH_PATHS = (
					"$(inherited)",
					"@executable_path/Frameworks",
				);
				MARKETING_VERSION = 1.0;
				PRODUCT_BUNDLE_IDENTIFIER = com.siddharthkothari.Techibutler;
				PRODUCT_NAME = "$(TARGET_NAME)";
				SWIFT_EMIT_LOC_STRINGS = YES;
				SWIFT_VERSION = 5.0;
				TARGETED_DEVICE_FAMILY = "1,2";
			};
			name = Release;
		};
		B13C08C82BDB850000A3CBE7 /* Debug */ = {
			isa = XCBuildConfiguration;
			buildSettings = {
				ALWAYS_EMBED_SWIFT_STANDARD_LIBRARIES = YES;
				BUNDLE_LOADER = "$(TEST_HOST)";
				CODE_SIGN_STYLE = Automatic;
				CURRENT_PROJECT_VERSION = 1;
				DEVELOPMENT_TEAM = Q4WH2ZZWCT;
				GENERATE_INFOPLIST_FILE = YES;
				IPHONEOS_DEPLOYMENT_TARGET = 17.4;
				MARKETING_VERSION = 1.0;
				PRODUCT_BUNDLE_IDENTIFIER = com.siddharthkothari.TechibutlerTests;
				PRODUCT_NAME = "$(TARGET_NAME)";
				SWIFT_EMIT_LOC_STRINGS = NO;
				SWIFT_VERSION = 5.0;
				TARGETED_DEVICE_FAMILY = "1,2";
				TEST_HOST = "$(BUILT_PRODUCTS_DIR)/Techibutler.app/$(BUNDLE_EXECUTABLE_FOLDER_PATH)/Techibutler";
			};
			name = Debug;
		};
		B13C08C92BDB850000A3CBE7 /* Release */ = {
			isa = XCBuildConfiguration;
			buildSettings = {
				ALWAYS_EMBED_SWIFT_STANDARD_LIBRARIES = YES;
				BUNDLE_LOADER = "$(TEST_HOST)";
				CODE_SIGN_STYLE = Automatic;
				CURRENT_PROJECT_VERSION = 1;
				DEVELOPMENT_TEAM = Q4WH2ZZWCT;
				GENERATE_INFOPLIST_FILE = YES;
				IPHONEOS_DEPLOYMENT_TARGET = 17.4;
				MARKETING_VERSION = 1.0;
				PRODUCT_BUNDLE_IDENTIFIER = com.siddharthkothari.TechibutlerTests;
				PRODUCT_NAME = "$(TARGET_NAME)";
				SWIFT_EMIT_LOC_STRINGS = NO;
				SWIFT_VERSION = 5.0;
				TARGETED_DEVICE_FAMILY = "1,2";
				TEST_HOST = "$(BUILT_PRODUCTS_DIR)/Techibutler.app/$(BUNDLE_EXECUTABLE_FOLDER_PATH)/Techibutler";
			};
			name = Release;
		};
		B13C08CB2BDB850000A3CBE7 /* Debug */ = {
			isa = XCBuildConfiguration;
			buildSettings = {
				ALWAYS_EMBED_SWIFT_STANDARD_LIBRARIES = YES;
				CODE_SIGN_STYLE = Automatic;
				CURRENT_PROJECT_VERSION = 1;
				DEVELOPMENT_TEAM = Q4WH2ZZWCT;
				GENERATE_INFOPLIST_FILE = YES;
				MARKETING_VERSION = 1.0;
				PRODUCT_BUNDLE_IDENTIFIER = com.siddharthkothari.TechibutlerUITests;
				PRODUCT_NAME = "$(TARGET_NAME)";
				SWIFT_EMIT_LOC_STRINGS = NO;
				SWIFT_VERSION = 5.0;
				TARGETED_DEVICE_FAMILY = "1,2";
				TEST_TARGET_NAME = Techibutler;
			};
			name = Debug;
		};
		B13C08CC2BDB850000A3CBE7 /* Release */ = {
			isa = XCBuildConfiguration;
			buildSettings = {
				ALWAYS_EMBED_SWIFT_STANDARD_LIBRARIES = YES;
				CODE_SIGN_STYLE = Automatic;
				CURRENT_PROJECT_VERSION = 1;
				DEVELOPMENT_TEAM = Q4WH2ZZWCT;
				GENERATE_INFOPLIST_FILE = YES;
				MARKETING_VERSION = 1.0;
				PRODUCT_BUNDLE_IDENTIFIER = com.siddharthkothari.TechibutlerUITests;
				PRODUCT_NAME = "$(TARGET_NAME)";
				SWIFT_EMIT_LOC_STRINGS = NO;
				SWIFT_VERSION = 5.0;
				TARGETED_DEVICE_FAMILY = "1,2";
				TEST_TARGET_NAME = Techibutler;
			};
			name = Release;
		};
/* End XCBuildConfiguration section */

/* Begin XCConfigurationList section */
		B13C08952BDB84FB00A3CBE7 /* Build configuration list for PBXProject "Techibutler" */ = {
			isa = XCConfigurationList;
			buildConfigurations = (
				B13C08C22BDB850000A3CBE7 /* Debug */,
				B13C08C32BDB850000A3CBE7 /* Release */,
			);
			defaultConfigurationIsVisible = 0;
			defaultConfigurationName = Release;
		};
		B13C08C42BDB850000A3CBE7 /* Build configuration list for PBXNativeTarget "Techibutler" */ = {
			isa = XCConfigurationList;
			buildConfigurations = (
				B13C08C52BDB850000A3CBE7 /* Debug */,
				B13C08C62BDB850000A3CBE7 /* Release */,
			);
			defaultConfigurationIsVisible = 0;
			defaultConfigurationName = Release;
		};
		B13C08C72BDB850000A3CBE7 /* Build configuration list for PBXNativeTarget "TechibutlerTests" */ = {
			isa = XCConfigurationList;
			buildConfigurations = (
				B13C08C82BDB850000A3CBE7 /* Debug */,
				B13C08C92BDB850000A3CBE7 /* Release */,
			);
			defaultConfigurationIsVisible = 0;
			defaultConfigurationName = Release;
		};
		B13C08CA2BDB850000A3CBE7 /* Build configuration list for PBXNativeTarget "TechibutlerUITests" */ = {
			isa = XCConfigurationList;
			buildConfigurations = (
				B13C08CB2BDB850000A3CBE7 /* Debug */,
				B13C08CC2BDB850000A3CBE7 /* Release */,
			);
			defaultConfigurationIsVisible = 0;
			defaultConfigurationName = Release;
		};
/* End XCConfigurationList section */
	};
	rootObject = B13C08922BDB84FB00A3CBE7 /* Project object */;
}
